
Microsoft Visual Studio Solution File, Format Version 12.00
# Visual Studio Version 16
VisualStudioVersion = 16.0.29123.88
MinimumVisualStudioVersion = 10.0.40219.1
Project("{9A19103F-16F7-4668-BE54-9A1E7A4F7556}") = "EnumerableDemo", "EnumerableDemo\EnumerableDemo.csproj", "{C07C1A9A-34E3-4749-8D1C-514A89762D27}"
EndProject
Project("{FAE04EC0-301F-11D3-BF4B-00C04F79EFBC}") = "EnumForEach", "EnumForEach\EnumForEach.csproj", "{C699C078-B943-4B98-BA01-BF1F441720EE}"
EndProject
Global
	GlobalSection(SolutionConfigurationPlatforms) = preSolution
		Debug|Any CPU = Debug|Any CPU
		Release|Any CPU = Release|Any CPU
	EndGlobalSection
	GlobalSection(ProjectConfigurationPlatforms) = postSolution
		{C07C1A9A-34E3-4749-8D1C-514A89762D27}.Debug|Any CPU.ActiveCfg = Debug|Any CPU
		{C07C1A9A-34E3-4749-8D1C-514A89762D27}.Debug|Any CPU.Build.0 = Debug|Any CPU
		{C07C1A9A-34E3-4749-8D1C-514A89762D27}.Release|Any CPU.ActiveCfg = Release|Any CPU
		{C07C1A9A-34E3-4749-8D1C-514A89762D27}.Release|Any CPU.Build.0 = Release|Any CPU
		{C699C078-B943-4B98-BA01-BF1F441720EE}.Debug|Any CPU.ActiveCfg = Debug|Any CPU
		{C699C078-B943-4B98-BA01-BF1F441720EE}.Debug|Any CPU.Build.0 = Debug|Any CPU
		{C699C078-B943-4B98-BA01-BF1F441720EE}.Release|Any CPU.ActiveCfg = Release|Any CPU
		{C699C078-B943-4B98-BA01-BF1F441720EE}.Release|Any CPU.Build.0 = Release|Any CPU
	EndGlobalSection
	GlobalSection(SolutionProperties) = preSolution
		HideSolutionNode = FALSE
	EndGlobalSection
	GlobalSection(ExtensibilityGlobals) = postSolution
		SolutionGuid = {4EB5F8B3-D465-4318-B6D0-A8F40497ED7B}
	EndGlobalSection
EndGlobal
